
Microsoft Visual Studio Solution File, Format Version 12.00
# Visual Studio Version 17
VisualStudioVersion = 17.4.33122.133
MinimumVisualStudioVersion = 10.0.40219.1
Project("{FAE04EC0-301F-11D3-BF4B-00C04F79EFBC}") = "Excersise5", "Excersise5.csproj", "{61B6C194-EED5-46B3-B9BE-AAA0854C8CFD}"
EndProject
Global
	GlobalSection(SolutionConfigurationPlatforms) = preSolution
		Debug|Any CPU = Debug|Any CPU
		Release|Any CPU = Release|Any CPU
	EndGlobalSection
	GlobalSection(ProjectConfigurationPlatforms) = postSolution
		{61B6C194-EED5-46B3-B9BE-AAA0854C8CFD}.Debug|Any CPU.ActiveCfg = Debug|Any CPU
		{61B6C194-EED5-46B3-B9BE-AAA0854C8CFD}.Debug|Any CPU.Build.0 = Debug|Any CPU
		{61B6C194-EED5-46B3-B9BE-AAA0854C8CFD}.Release|Any CPU.ActiveCfg = Release|Any CPU
		{61B6C194-EED5-46B3-B9BE-AAA0854C8CFD}.Release|Any CPU.Build.0 = Release|Any CPU
	EndGlobalSection
	GlobalSection(SolutionProperties) = preSolution
		HideSolutionNode = FALSE
	EndGlobalSection
	GlobalSection(ExtensibilityGlobals) = postSolution
		SolutionGuid = {88227D12-ACF3-47E9-84D6-66F9B505DD1D}
	EndGlobalSection
EndGlobal
